
Microsoft Visual Studio Solution File, Format Version 12.00
# Visual Studio Version 17
VisualStudioVersion = 17.4.33213.308
MinimumVisualStudioVersion = 10.0.40219.1
Project("{9A19103F-16F7-4668-BE54-9A1E7A4F7556}") = "PokemonRestApi", "PokemonRestApi\PokemonRestApi.csproj", "{586F6DC1-3366-4ED1-8C0A-525741F845CA}"
EndProject
Project("{FAE04EC0-301F-11D3-BF4B-00C04F79EFBC}") = "PokemonRestApiTests", "PokemonRestApiTests\PokemonRestApiTests.csproj", "{711BA3A3-C311-45DD-B8B4-896B44438207}"
EndProject
Global
	GlobalSection(SolutionConfigurationPlatforms) = preSolution
		Debug|Any CPU = Debug|Any CPU
		Release|Any CPU = Release|Any CPU
	EndGlobalSection
	GlobalSection(ProjectConfigurationPlatforms) = postSolution
		{586F6DC1-3366-4ED1-8C0A-525741F845CA}.Debug|Any CPU.ActiveCfg = Debug|Any CPU
		{586F6DC1-3366-4ED1-8C0A-525741F845CA}.Debug|Any CPU.Build.0 = Debug|Any CPU
		{586F6DC1-3366-4ED1-8C0A-525741F845CA}.Release|Any CPU.ActiveCfg = Release|Any CPU
		{586F6DC1-3366-4ED1-8C0A-525741F845CA}.Release|Any CPU.Build.0 = Release|Any CPU
		{711BA3A3-C311-45DD-B8B4-896B44438207}.Debug|Any CPU.ActiveCfg = Debug|Any CPU
		{711BA3A3-C311-45DD-B8B4-896B44438207}.Debug|Any CPU.Build.0 = Debug|Any CPU
		{711BA3A3-C311-45DD-B8B4-896B44438207}.Release|Any CPU.ActiveCfg = Release|Any CPU
		{711BA3A3-C311-45DD-B8B4-896B44438207}.Release|Any CPU.Build.0 = Release|Any CPU
	EndGlobalSection
	GlobalSection(SolutionProperties) = preSolution
		HideSolutionNode = FALSE
	EndGlobalSection
	GlobalSection(ExtensibilityGlobals) = postSolution
		SolutionGuid = {B4DB3467-A709-4A83-A965-59BDDE81F743}
	EndGlobalSection
EndGlobal
